
Microsoft Visual Studio Solution File, Format Version 12.00
# Visual Studio Version 16
VisualStudioVersion = 16.0.30611.23
MinimumVisualStudioVersion = 10.0.40219.1
Project("{FAE04EC0-301F-11D3-BF4B-00C04F79EFBC}") = "C968 - PA", "C968 - PA.csproj", "{91C51EED-EDB2-4F0A-B3F4-DC9E4992C260}"
EndProject
Global
	GlobalSection(SolutionConfigurationPlatforms) = preSolution
		Debug|Any CPU = Debug|Any CPU
		Release|Any CPU = Release|Any CPU
	EndGlobalSection
	GlobalSection(ProjectConfigurationPlatforms) = postSolution
		{91C51EED-EDB2-4F0A-B3F4-DC9E4992C260}.Debug|Any CPU.ActiveCfg = Debug|Any CPU
		{91C51EED-EDB2-4F0A-B3F4-DC9E4992C260}.Debug|Any CPU.Build.0 = Debug|Any CPU
		{91C51EED-EDB2-4F0A-B3F4-DC9E4992C260}.Release|Any CPU.ActiveCfg = Release|Any CPU
		{91C51EED-EDB2-4F0A-B3F4-DC9E4992C260}.Release|Any CPU.Build.0 = Release|Any CPU
	EndGlobalSection
	GlobalSection(SolutionProperties) = preSolution
		HideSolutionNode = FALSE
	EndGlobalSection
	GlobalSection(ExtensibilityGlobals) = postSolution
		SolutionGuid = {6DE1FBE0-B3D9-4573-9CB8-2FC0FB1D0A5C}
	EndGlobalSection
EndGlobal
